
Microsoft Visual Studio Solution File, Format Version 12.00
# Visual Studio 15
VisualStudioVersion = 15.0.28307.329
MinimumVisualStudioVersion = 10.0.40219.1
Project("{8BC9CEB8-8B4A-11D0-8D11-00A0C91BC942}") = "PFS", "PFS\PFS.vcxproj", "{FB603867-A440-402B-A320-1691013843C7}"
EndProject
Project("{8BC9CEB8-8B4A-11D0-8D11-00A0C91BC942}") = "PFS_Tests", "PFS_Tests\PFS_Tests.vcxproj", "{869C58FE-275C-451F-B6C0-B096D56910C5}"
EndProject
Global
	GlobalSection(SolutionConfigurationPlatforms) = preSolution
		Debug|x64 = Debug|x64
		Debug|x86 = Debug|x86
		Release|x64 = Release|x64
		Release|x86 = Release|x86
	EndGlobalSection
	GlobalSection(ProjectConfigurationPlatforms) = postSolution
		{FB603867-A440-402B-A320-1691013843C7}.Debug|x64.ActiveCfg = Debug|x64
		{FB603867-A440-402B-A320-1691013843C7}.Debug|x64.Build.0 = Debug|x64
		{FB603867-A440-402B-A320-1691013843C7}.Debug|x86.ActiveCfg = Debug|Win32
		{FB603867-A440-402B-A320-1691013843C7}.Debug|x86.Build.0 = Debug|Win32
		{FB603867-A440-402B-A320-1691013843C7}.Release|x64.ActiveCfg = Release|x64
		{FB603867-A440-402B-A320-1691013843C7}.Release|x64.Build.0 = Release|x64
		{FB603867-A440-402B-A320-1691013843C7}.Release|x86.ActiveCfg = Release|Win32
		{FB603867-A440-402B-A320-1691013843C7}.Release|x86.Build.0 = Release|Win32
		{869C58FE-275C-451F-B6C0-B096D56910C5}.Debug|x64.ActiveCfg = Debug|x64
		{869C58FE-275C-451F-B6C0-B096D56910C5}.Debug|x64.Build.0 = Debug|x64
		{869C58FE-275C-451F-B6C0-B096D56910C5}.Debug|x86.ActiveCfg = Debug|Win32
		{869C58FE-275C-451F-B6C0-B096D56910C5}.Debug|x86.Build.0 = Debug|Win32
		{869C58FE-275C-451F-B6C0-B096D56910C5}.Release|x64.ActiveCfg = Release|x64
		{869C58FE-275C-451F-B6C0-B096D56910C5}.Release|x64.Build.0 = Release|x64
		{869C58FE-275C-451F-B6C0-B096D56910C5}.Release|x86.ActiveCfg = Release|Win32
		{869C58FE-275C-451F-B6C0-B096D56910C5}.Release|x86.Build.0 = Release|Win32
	EndGlobalSection
	GlobalSection(SolutionProperties) = preSolution
		HideSolutionNode = FALSE
	EndGlobalSection
	GlobalSection(ExtensibilityGlobals) = postSolution
		SolutionGuid = {9955AA16-149E-4546-9730-914CDB113A54}
	EndGlobalSection
EndGlobal
