<?xml version="1.0" encoding="utf-8"?>
<Project ToolsVersion="4.0" xmlns="http://schemas.microsoft.com/developer/msbuild/2003">
  <ItemGroup>
    <Filter Include="Source Files">
      <UniqueIdentifier>{4FC737F1-C7A5-4376-A066-2A32D752A2FF}</UniqueIdentifier>
      <Extensions>cpp;c;cc;cxx;def;odl;idl;hpj;bat;asm;asmx</Extensions>
    </Filter>
    <Filter Include="Header Files">
      <UniqueIdentifier>{93995380-89BD-4b04-88EB-625FBE52EBFB}</UniqueIdentifier>
      <Extensions>h;hh;hpp;hxx;hm;inl;inc;ipp;xsd</Extensions>
    </Filter>
    <Filter Include="Resource Files">
      <UniqueIdentifier>{67DA6AB6-F800-4c08-8B7A-83BB121AAD01}</UniqueIdentifier>
      <Extensions>rc;ico;cur;bmp;dlg;rc2;rct;bin;rgs;gif;jpg;jpeg;jpe;resx;tiff;tif;png;wav;mfcribbon-ms</Extensions>
    </Filter>
    <Filter Include="Header Files\Storage">
      <UniqueIdentifier>{9e21d5b9-f1df-4bfa-a3c6-5b7d284b0ca1}</UniqueIdentifier>
    </Filter>
    <Filter Include="Source Files\Storage">
      <UniqueIdentifier>{150b6c28-05dc-428a-87a0-d34104a38727}</UniqueIdentifier>
    </Filter>
    <Filter Include="Header Files\Files">
      <UniqueIdentifier>{9a6c6838-61e4-4b47-b21f-53f2fa978f10}</UniqueIdentifier>
    </Filter>
    <Filter Include="Source Files\Files">
      <UniqueIdentifier>{0277e88b-66f9-4683-9305-ef88994bd366}</UniqueIdentifier>
    </Filter>
  </ItemGroup>
  <ItemGroup>
    <ClCompile Include="main.cpp">
      <Filter>Source Files</Filter>
    </ClCompile>
    <ClCompile Include="MapChunkStorage.cpp">
      <Filter>Source Files\Storage</Filter>
    </ClCompile>
    <ClCompile Include="Storage.cpp">
      <Filter>Source Files\Storage</Filter>
    </ClCompile>
    <ClCompile Include="StorageChunk.cpp">
      <Filter>Source Files\Storage</Filter>
    </ClCompile>
    <ClCompile Include="VirtualByteStorage.cpp">
      <Filter>Source Files\Storage</Filter>
    </ClCompile>
    <ClCompile Include="File.cpp">
      <Filter>Source Files\Files</Filter>
    </ClCompile>
    <ClCompile Include="Path.cpp">
      <Filter>Source Files</Filter>
    </ClCompile>
    <ClCompile Include="FileDescriptor.cpp">
      <Filter>Source Files</Filter>
    </ClCompile>
  </ItemGroup>
  <ItemGroup>
    <ClInclude Include="ByteStorage.h">
      <Filter>Header Files\Storage</Filter>
    </ClInclude>
    <ClInclude Include="ChunkStorage.h">
      <Filter>Header Files\Storage</Filter>
    </ClInclude>
    <ClInclude Include="MapChunkStorage.h">
      <Filter>Header Files\Storage</Filter>
    </ClInclude>
    <ClInclude Include="Storage.h">
      <Filter>Header Files\Storage</Filter>
    </ClInclude>
    <ClInclude Include="StorageChunk.h">
      <Filter>Header Files\Storage</Filter>
    </ClInclude>
    <ClInclude Include="StorageTypedef.h">
      <Filter>Header Files\Storage</Filter>
    </ClInclude>
    <ClInclude Include="VirtualByteStorage.h">
      <Filter>Header Files\Storage</Filter>
    </ClInclude>
    <ClInclude Include="File.h">
      <Filter>Header Files\Files</Filter>
    </ClInclude>
    <ClInclude Include="Path.h">
      <Filter>Header Files</Filter>
    </ClInclude>
    <ClInclude Include="FileDescriptor.h">
      <Filter>Header Files</Filter>
    </ClInclude>
  </ItemGroup>
</Project>