<?xml version="1.0" encoding="utf-8"?>
<Project ToolsVersion="4.0" xmlns="http://schemas.microsoft.com/developer/msbuild/2003">
  <ItemGroup>
    <Filter Include="Source Files">
      <UniqueIdentifier>{4FC737F1-C7A5-4376-A066-2A32D752A2FF}</UniqueIdentifier>
      <Extensions>cpp;c;cc;cxx;def;odl;idl;hpj;bat;asm;asmx</Extensions>
    </Filter>
    <Filter Include="Header Files">
      <UniqueIdentifier>{93995380-89BD-4b04-88EB-625FBE52EBFB}</UniqueIdentifier>
      <Extensions>h;hh;hpp;hxx;hm;inl;inc;ipp;xsd</Extensions>
    </Filter>
    <Filter Include="Resource Files">
      <UniqueIdentifier>{67DA6AB6-F800-4c08-8B7A-83BB121AAD01}</UniqueIdentifier>
      <Extensions>rc;ico;cur;bmp;dlg;rc2;rct;bin;rgs;gif;jpg;jpeg;jpe;resx;tiff;tif;png;wav;mfcribbon-ms</Extensions>
    </Filter>
    <Filter Include="Header Files\Storage">
      <UniqueIdentifier>{9e21d5b9-f1df-4bfa-a3c6-5b7d284b0ca1}</UniqueIdentifier>
    </Filter>
    <Filter Include="Source Files\Storage">
      <UniqueIdentifier>{150b6c28-05dc-428a-87a0-d34104a38727}</UniqueIdentifier>
    </Filter>
    <Filter Include="Header Files\Files">
      <UniqueIdentifier>{9a6c6838-61e4-4b47-b21f-53f2fa978f10}</UniqueIdentifier>
    </Filter>
    <Filter Include="Source Files\Files">
      <UniqueIdentifier>{0277e88b-66f9-4683-9305-ef88994bd366}</UniqueIdentifier>
    </Filter>
    <Filter Include="Header Files\Files\Directory">
      <UniqueIdentifier>{2251e581-9c7e-4a3b-91c9-606e75bfa095}</UniqueIdentifier>
    </Filter>
    <Filter Include="Source Files\Files\Directory">
      <UniqueIdentifier>{a3c6a8fc-72c7-43dc-af77-43cac79bec6b}</UniqueIdentifier>
    </Filter>
    <Filter Include="Header Files\Files\Permissions">
      <UniqueIdentifier>{33ddaa49-e6df-4ce3-9a13-b28596ef89a3}</UniqueIdentifier>
    </Filter>
    <Filter Include="Source Files\Files\Permissions">
      <UniqueIdentifier>{bd2e36f2-11aa-4d45-a037-448d1777b66d}</UniqueIdentifier>
    </Filter>
    <Filter Include="Source Files\FileStream">
      <UniqueIdentifier>{19e497aa-4021-40ad-a514-a90cb49fbd66}</UniqueIdentifier>
    </Filter>
    <Filter Include="Header Files\FileStream">
      <UniqueIdentifier>{95bfcdd9-9b8b-468f-bb4a-ec3d2791cd6e}</UniqueIdentifier>
    </Filter>
    <Filter Include="Header Files\Users">
      <UniqueIdentifier>{a6e00fe4-fba7-471d-ab4e-d08609348d0a}</UniqueIdentifier>
    </Filter>
    <Filter Include="Source Files\Users">
      <UniqueIdentifier>{ce256d6f-4b23-4e88-94ba-bf47b09c385f}</UniqueIdentifier>
    </Filter>
    <Filter Include="Header Files\Commands">
      <UniqueIdentifier>{226d0e00-37ac-4632-9760-f069464295b2}</UniqueIdentifier>
    </Filter>
    <Filter Include="Source Files\Commands">
      <UniqueIdentifier>{326ffb3d-f58b-489b-81d4-9cca7f2abbfd}</UniqueIdentifier>
    </Filter>
    <Filter Include="Header Files\Utils">
      <UniqueIdentifier>{84d03d57-c746-45ac-b4e9-77a429709b64}</UniqueIdentifier>
    </Filter>
    <Filter Include="Source Files\Utils">
      <UniqueIdentifier>{b4c04e5c-ddce-4222-930f-d4b0ac311636}</UniqueIdentifier>
    </Filter>
  </ItemGroup>
  <ItemGroup>
    <ClCompile Include="main.cpp">
      <Filter>Source Files</Filter>
    </ClCompile>
    <ClCompile Include="MapChunkStorage.cpp">
      <Filter>Source Files\Storage</Filter>
    </ClCompile>
    <ClCompile Include="Storage.cpp">
      <Filter>Source Files\Storage</Filter>
    </ClCompile>
    <ClCompile Include="StorageChunk.cpp">
      <Filter>Source Files\Storage</Filter>
    </ClCompile>
    <ClCompile Include="VirtualByteStorage.cpp">
      <Filter>Source Files\Storage</Filter>
    </ClCompile>
    <ClCompile Include="File.cpp">
      <Filter>Source Files\Files</Filter>
    </ClCompile>
    <ClCompile Include="FileDescriptor.cpp">
      <Filter>Source Files\Files</Filter>
    </ClCompile>
    <ClCompile Include="FileByteStream.cpp">
      <Filter>Source Files\Files</Filter>
    </ClCompile>
    <ClCompile Include="FileSystem.cpp">
      <Filter>Source Files</Filter>
    </ClCompile>
    <ClCompile Include="Directory.cpp">
      <Filter>Source Files\Files\Directory</Filter>
    </ClCompile>
    <ClCompile Include="DirectoryStream.cpp">
      <Filter>Source Files\Files\Directory</Filter>
    </ClCompile>
    <ClCompile Include="FilePermissions.cpp">
      <Filter>Source Files\Files\Permissions</Filter>
    </ClCompile>
    <ClCompile Include="Path.cpp">
      <Filter>Source Files\Files</Filter>
    </ClCompile>
    <ClCompile Include="DirectoryPermissions.cpp">
      <Filter>Source Files\Files\Permissions</Filter>
    </ClCompile>
    <ClCompile Include="FileStream.cpp">
      <Filter>Source Files\FileStream</Filter>
    </ClCompile>
    <ClCompile Include="StreamTable.cpp">
      <Filter>Source Files\FileStream</Filter>
    </ClCompile>
    <ClCompile Include="User.cpp">
      <Filter>Source Files\Users</Filter>
    </ClCompile>
    <ClCompile Include="UserTable.cpp">
      <Filter>Source Files\Users</Filter>
    </ClCompile>
    <ClCompile Include="CommandManager.cpp">
      <Filter>Source Files\Commands</Filter>
    </ClCompile>
    <ClCompile Include="CreateFileCommand.cpp">
      <Filter>Source Files\Commands</Filter>
    </ClCompile>
    <ClCompile Include="MakeDirectoryCommand.cpp">
      <Filter>Source Files\Commands</Filter>
    </ClCompile>
    <ClCompile Include="FileListCommand.cpp">
      <Filter>Source Files\Commands</Filter>
    </ClCompile>
    <ClCompile Include="ReadFileCommand.cpp">
      <Filter>Source Files\Commands</Filter>
    </ClCompile>
    <ClCompile Include="SymmetricCryptedFile.cpp">
      <Filter>Source Files\Files</Filter>
    </ClCompile>
    <ClCompile Include="AsymmetricCryptedFile.cpp">
      <Filter>Source Files\Files</Filter>
    </ClCompile>
    <ClCompile Include="BigInt.cpp">
      <Filter>Source Files\Utils</Filter>
    </ClCompile>
    <ClCompile Include="AsymmetricCryptor.cpp">
      <Filter>Source Files\Utils</Filter>
    </ClCompile>
    <ClCompile Include="PrimeGenerator.cpp">
      <Filter>Source Files\Utils</Filter>
    </ClCompile>
    <ClCompile Include="Hasher.cpp">
      <Filter>Source Files\Utils</Filter>
    </ClCompile>
    <ClCompile Include="CryptFileCommand.cpp">
      <Filter>Source Files\Commands</Filter>
    </ClCompile>
  </ItemGroup>
  <ItemGroup>
    <ClInclude Include="ByteStorage.h">
      <Filter>Header Files\Storage</Filter>
    </ClInclude>
    <ClInclude Include="ChunkStorage.h">
      <Filter>Header Files\Storage</Filter>
    </ClInclude>
    <ClInclude Include="MapChunkStorage.h">
      <Filter>Header Files\Storage</Filter>
    </ClInclude>
    <ClInclude Include="Storage.h">
      <Filter>Header Files\Storage</Filter>
    </ClInclude>
    <ClInclude Include="StorageChunk.h">
      <Filter>Header Files\Storage</Filter>
    </ClInclude>
    <ClInclude Include="StorageTypedef.h">
      <Filter>Header Files\Storage</Filter>
    </ClInclude>
    <ClInclude Include="VirtualByteStorage.h">
      <Filter>Header Files\Storage</Filter>
    </ClInclude>
    <ClInclude Include="File.h">
      <Filter>Header Files\Files</Filter>
    </ClInclude>
    <ClInclude Include="FileDescriptor.h">
      <Filter>Header Files\Files</Filter>
    </ClInclude>
    <ClInclude Include="FileDataStream.h">
      <Filter>Header Files\Files</Filter>
    </ClInclude>
    <ClInclude Include="FileByteStream.h">
      <Filter>Header Files\Files</Filter>
    </ClInclude>
    <ClInclude Include="FileTypedef.h">
      <Filter>Header Files\Files</Filter>
    </ClInclude>
    <ClInclude Include="FileSystem.h">
      <Filter>Header Files</Filter>
    </ClInclude>
    <ClInclude Include="Directory.h">
      <Filter>Header Files\Files\Directory</Filter>
    </ClInclude>
    <ClInclude Include="DirectoryStream.h">
      <Filter>Header Files\Files\Directory</Filter>
    </ClInclude>
    <ClInclude Include="FilePermissions.h">
      <Filter>Header Files\Files\Permissions</Filter>
    </ClInclude>
    <ClInclude Include="Path.h">
      <Filter>Header Files\Files</Filter>
    </ClInclude>
    <ClInclude Include="DirectoryPermissions.h">
      <Filter>Header Files\Files\Permissions</Filter>
    </ClInclude>
    <ClInclude Include="FileStream.h">
      <Filter>Header Files\FileStream</Filter>
    </ClInclude>
    <ClInclude Include="StreamTable.h">
      <Filter>Header Files\FileStream</Filter>
    </ClInclude>
    <ClInclude Include="User.h">
      <Filter>Header Files\Users</Filter>
    </ClInclude>
    <ClInclude Include="UserTable.h">
      <Filter>Header Files\Users</Filter>
    </ClInclude>
    <ClInclude Include="CommandHandler.h">
      <Filter>Header Files\Commands</Filter>
    </ClInclude>
    <ClInclude Include="CommandManager.h">
      <Filter>Header Files\Commands</Filter>
    </ClInclude>
    <ClInclude Include="Utils.h">
      <Filter>Header Files\Utils</Filter>
    </ClInclude>
    <ClInclude Include="FileListCommand.h">
      <Filter>Header Files\Commands</Filter>
    </ClInclude>
    <ClInclude Include="MakeDirectoryCommand.h">
      <Filter>Header Files\Commands</Filter>
    </ClInclude>
    <ClInclude Include="CreateFileCommand.h">
      <Filter>Header Files\Commands</Filter>
    </ClInclude>
    <ClInclude Include="ReadFileCommand.h">
      <Filter>Header Files\Commands</Filter>
    </ClInclude>
    <ClInclude Include="SymmetricCryptedFile.h">
      <Filter>Header Files\Files</Filter>
    </ClInclude>
    <ClInclude Include="BigInt.h">
      <Filter>Header Files\Utils</Filter>
    </ClInclude>
    <ClInclude Include="AsymmetricCryptedFile.h">
      <Filter>Header Files\Files</Filter>
    </ClInclude>
    <ClInclude Include="AsymmetricCryptor.h">
      <Filter>Header Files\Utils</Filter>
    </ClInclude>
    <ClInclude Include="PrimeGenerator.h">
      <Filter>Header Files\Utils</Filter>
    </ClInclude>
    <ClInclude Include="Hasher.h">
      <Filter>Header Files\Utils</Filter>
    </ClInclude>
    <ClInclude Include="CryptFileCommand.h">
      <Filter>Header Files\Commands</Filter>
    </ClInclude>
  </ItemGroup>
</Project>